// !$*UTF8*$!
{
	archiveVersion = 1;
	classes = {
	};
	objectVersion = 50;
	objects = {

/* Begin PBXBuildFile section */
		7E21DB9B2416F2CC00D40CB2 /* AppDelegate.swift in Sources */ = {isa = PBXBuildFile; fileRef = 7E21DB9A2416F2CC00D40CB2 /* AppDelegate.swift */; };
		7E21DB9D2416F2CC00D40CB2 /* SceneDelegate.swift in Sources */ = {isa = PBXBuildFile; fileRef = 7E21DB9C2416F2CC00D40CB2 /* SceneDelegate.swift */; };
		7E21DBA42416F2CC00D40CB2 /* Main.storyboard in Resources */ = {isa = PBXBuildFile; fileRef = 7E21DBA22416F2CC00D40CB2 /* Main.storyboard */; };
		7E21DBA62416F2D000D40CB2 /* Assets.xcassets in Resources */ = {isa = PBXBuildFile; fileRef = 7E21DBA52416F2D000D40CB2 /* Assets.xcassets */; };
		7E21DBA92416F2D000D40CB2 /* LaunchScreen.storyboard in Resources */ = {isa = PBXBuildFile; fileRef = 7E21DBA72416F2D000D40CB2 /* LaunchScreen.storyboard */; };
		7E21DBB72417358000D40CB2 /* Techniques.swift in Sources */ = {isa = PBXBuildFile; fileRef = 7E21DBB62417358000D40CB2 /* Techniques.swift */; };
		7E21DBB92417376700D40CB2 /* TechniqueListTableViewController.swift in Sources */ = {isa = PBXBuildFile; fileRef = 7E21DBB82417376700D40CB2 /* TechniqueListTableViewController.swift */; };
		7E21DBBB2417383D00D40CB2 /* DetailViewController.swift in Sources */ = {isa = PBXBuildFile; fileRef = 7E21DBBA2417383D00D40CB2 /* DetailViewController.swift */; };
		7EA29CF3241D9ABB00A0B21F /* GalleryCollectionViewController.swift in Sources */ = {isa = PBXBuildFile; fileRef = 7EA29CF2241D9ABB00A0B21F /* GalleryCollectionViewController.swift */; };
		7EC427202418A6C20051F9EC /* InstructionsViewController.swift in Sources */ = {isa = PBXBuildFile; fileRef = 7EC4271F2418A6C20051F9EC /* InstructionsViewController.swift */; };
		7EC427222418A71B0051F9EC /* AddPicsViewController.swift in Sources */ = {isa = PBXBuildFile; fileRef = 7EC427212418A71B0051F9EC /* AddPicsViewController.swift */; };
		7EC427262418B4940051F9EC /* RecipeListTableViewController.swift in Sources */ = {isa = PBXBuildFile; fileRef = 7EC427252418B4940051F9EC /* RecipeListTableViewController.swift */; };
		7EC427282419CF240051F9EC /* Recipes.swift in Sources */ = {isa = PBXBuildFile; fileRef = 7EC427272419CF240051F9EC /* Recipes.swift */; };
		7ED27C64241DE5DF00965B1B /* RecipeTableViewCell.swift in Sources */ = {isa = PBXBuildFile; fileRef = 7ED27C63241DE5DF00965B1B /* RecipeTableViewCell.swift */; };
		7ED27C66241F6BBC00965B1B /* PhotoViewController.swift in Sources */ = {isa = PBXBuildFile; fileRef = 7ED27C65241F6BBC00965B1B /* PhotoViewController.swift */; };
		7ED27C68241FC5D500965B1B /* Photo.swift in Sources */ = {isa = PBXBuildFile; fileRef = 7ED27C67241FC5D500965B1B /* Photo.swift */; };
		7ED27C6A241FDAFF00965B1B /* PhotoCollectionViewCell.swift in Sources */ = {isa = PBXBuildFile; fileRef = 7ED27C69241FDAFF00965B1B /* PhotoCollectionViewCell.swift */; };
/* End PBXBuildFile section */

/* Begin PBXFileReference section */
		7E21DB972416F2CC00D40CB2 /* ChuangK Final Project- Cook Starter.app */ = {isa = PBXFileReference; explicitFileType = wrapper.application; includeInIndex = 0; path = "ChuangK Final Project- Cook Starter.app"; sourceTree = BUILT_PRODUCTS_DIR; };
		7E21DB9A2416F2CC00D40CB2 /* AppDelegate.swift */ = {isa = PBXFileReference; lastKnownFileType = sourcecode.swift; path = AppDelegate.swift; sourceTree = "<group>"; };
		7E21DB9C2416F2CC00D40CB2 /* SceneDelegate.swift */ = {isa = PBXFileReference; lastKnownFileType = sourcecode.swift; path = SceneDelegate.swift; sourceTree = "<group>"; };
		7E21DBA32416F2CC00D40CB2 /* Base */ = {isa = PBXFileReference; lastKnownFileType = file.storyboard; name = Base; path = Base.lproj/Main.storyboard; sourceTree = "<group>"; };
		7E21DBA52416F2D000D40CB2 /* Assets.xcassets */ = {isa = PBXFileReference; lastKnownFileType = folder.assetcatalog; path = Assets.xcassets; sourceTree = "<group>"; };
		7E21DBA82416F2D000D40CB2 /* Base */ = {isa = PBXFileReference; lastKnownFileType = file.storyboard; name = Base; path = Base.lproj/LaunchScreen.storyboard; sourceTree = "<group>"; };
		7E21DBAA2416F2D000D40CB2 /* Info.plist */ = {isa = PBXFileReference; lastKnownFileType = text.plist.xml; path = Info.plist; sourceTree = "<group>"; };
		7E21DBB62417358000D40CB2 /* Techniques.swift */ = {isa = PBXFileReference; lastKnownFileType = sourcecode.swift; path = Techniques.swift; sourceTree = "<group>"; };
		7E21DBB82417376700D40CB2 /* TechniqueListTableViewController.swift */ = {isa = PBXFileReference; lastKnownFileType = sourcecode.swift; path = TechniqueListTableViewController.swift; sourceTree = "<group>"; };
		7E21DBBA2417383D00D40CB2 /* DetailViewController.swift */ = {isa = PBXFileReference; lastKnownFileType = sourcecode.swift; path = DetailViewController.swift; sourceTree = "<group>"; };
		7EA29CF2241D9ABB00A0B21F /* GalleryCollectionViewController.swift */ = {isa = PBXFileReference; lastKnownFileType = sourcecode.swift; path = GalleryCollectionViewController.swift; sourceTree = "<group>"; };
		7EC4271F2418A6C20051F9EC /* InstructionsViewController.swift */ = {isa = PBXFileReference; lastKnownFileType = sourcecode.swift; path = InstructionsViewController.swift; sourceTree = "<group>"; };
		7EC427212418A71B0051F9EC /* AddPicsViewController.swift */ = {isa = PBXFileReference; lastKnownFileType = sourcecode.swift; path = AddPicsViewController.swift; sourceTree = "<group>"; };
		7EC427252418B4940051F9EC /* RecipeListTableViewController.swift */ = {isa = PBXFileReference; lastKnownFileType = sourcecode.swift; path = RecipeListTableViewController.swift; sourceTree = "<group>"; };
		7EC427272419CF240051F9EC /* Recipes.swift */ = {isa = PBXFileReference; lastKnownFileType = sourcecode.swift; path = Recipes.swift; sourceTree = "<group>"; };
		7ED27C63241DE5DF00965B1B /* RecipeTableViewCell.swift */ = {isa = PBXFileReference; lastKnownFileType = sourcecode.swift; path = RecipeTableViewCell.swift; sourceTree = "<group>"; };
		7ED27C65241F6BBC00965B1B /* PhotoViewController.swift */ = {isa = PBXFileReference; lastKnownFileType = sourcecode.swift; path = PhotoViewController.swift; sourceTree = "<group>"; };
		7ED27C67241FC5D500965B1B /* Photo.swift */ = {isa = PBXFileReference; lastKnownFileType = sourcecode.swift; path = Photo.swift; sourceTree = "<group>"; };
		7ED27C69241FDAFF00965B1B /* PhotoCollectionViewCell.swift */ = {isa = PBXFileReference; lastKnownFileType = sourcecode.swift; path = PhotoCollectionViewCell.swift; sourceTree = "<group>"; };
/* End PBXFileReference section */

/* Begin PBXFrameworksBuildPhase section */
		7E21DB942416F2CC00D40CB2 /* Frameworks */ = {
			isa = PBXFrameworksBuildPhase;
			buildActionMask = 2147483647;
			files = (
			);
			runOnlyForDeploymentPostprocessing = 0;
		};
/* End PBXFrameworksBuildPhase section */

/* Begin PBXGroup section */
		7E21DB8E2416F2CC00D40CB2 = {
			isa = PBXGroup;
			children = (
				7E21DB992416F2CC00D40CB2 /* ChuangK Final Project- Cook Starter */,
				7E21DB982416F2CC00D40CB2 /* Products */,
			);
			sourceTree = "<group>";
		};
		7E21DB982416F2CC00D40CB2 /* Products */ = {
			isa = PBXGroup;
			children = (
				7E21DB972416F2CC00D40CB2 /* ChuangK Final Project- Cook Starter.app */,
			);
			name = Products;
			sourceTree = "<group>";
		};
		7E21DB992416F2CC00D40CB2 /* ChuangK Final Project- Cook Starter */ = {
			isa = PBXGroup;
			children = (
				7E21DB9A2416F2CC00D40CB2 /* AppDelegate.swift */,
				7E21DB9C2416F2CC00D40CB2 /* SceneDelegate.swift */,
				7E21DBA22416F2CC00D40CB2 /* Main.storyboard */,
				7EC427272419CF240051F9EC /* Recipes.swift */,
				7EC427252418B4940051F9EC /* RecipeListTableViewController.swift */,
				7EC4271F2418A6C20051F9EC /* InstructionsViewController.swift */,
				7ED27C63241DE5DF00965B1B /* RecipeTableViewCell.swift */,
				7E21DBB62417358000D40CB2 /* Techniques.swift */,
				7E21DBB82417376700D40CB2 /* TechniqueListTableViewController.swift */,
				7E21DBBA2417383D00D40CB2 /* DetailViewController.swift */,
				7ED27C67241FC5D500965B1B /* Photo.swift */,
				7EA29CF2241D9ABB00A0B21F /* GalleryCollectionViewController.swift */,
				7ED27C65241F6BBC00965B1B /* PhotoViewController.swift */,
				7EC427212418A71B0051F9EC /* AddPicsViewController.swift */,
				7ED27C69241FDAFF00965B1B /* PhotoCollectionViewCell.swift */,
				7E21DBA52416F2D000D40CB2 /* Assets.xcassets */,
				7E21DBA72416F2D000D40CB2 /* LaunchScreen.storyboard */,
				7E21DBAA2416F2D000D40CB2 /* Info.plist */,
			);
			path = "ChuangK Final Project- Cook Starter";
			sourceTree = "<group>";
		};
/* End PBXGroup section */

/* Begin PBXNativeTarget section */
		7E21DB962416F2CC00D40CB2 /* ChuangK Final Project- Cook Starter */ = {
			isa = PBXNativeTarget;
			buildConfigurationList = 7E21DBAD2416F2D000D40CB2 /* Build configuration list for PBXNativeTarget "ChuangK Final Project- Cook Starter" */;
			buildPhases = (
				7E21DB932416F2CC00D40CB2 /* Sources */,
				7E21DB942416F2CC00D40CB2 /* Frameworks */,
				7E21DB952416F2CC00D40CB2 /* Resources */,
			);
			buildRules = (
			);
			dependencies = (
			);
			name = "ChuangK Final Project- Cook Starter";
			productName = "ChuangK Final Project- Cook Starter";
			productReference = 7E21DB972416F2CC00D40CB2 /* ChuangK Final Project- Cook Starter.app */;
			productType = "com.apple.product-type.application";
		};
/* End PBXNativeTarget section */

/* Begin PBXProject section */
		7E21DB8F2416F2CC00D40CB2 /* Project object */ = {
			isa = PBXProject;
			attributes = {
				LastSwiftUpdateCheck = 1130;
				LastUpgradeCheck = 1130;
				ORGANIZATIONNAME = "Kelly Chuang";
				TargetAttributes = {
					7E21DB962416F2CC00D40CB2 = {
						CreatedOnToolsVersion = 11.3;
					};
				};
			};
			buildConfigurationList = 7E21DB922416F2CC00D40CB2 /* Build configuration list for PBXProject "ChuangK Final Project- Cook Starter" */;
			compatibilityVersion = "Xcode 9.3";
			developmentRegion = en;
			hasScannedForEncodings = 0;
			knownRegions = (
				en,
				Base,
			);
			mainGroup = 7E21DB8E2416F2CC00D40CB2;
			productRefGroup = 7E21DB982416F2CC00D40CB2 /* Products */;
			projectDirPath = "";
			projectRoot = "";
			targets = (
				7E21DB962416F2CC00D40CB2 /* ChuangK Final Project- Cook Starter */,
			);
		};
/* End PBXProject section */

/* Begin PBXResourcesBuildPhase section */
		7E21DB952416F2CC00D40CB2 /* Resources */ = {
			isa = PBXResourcesBuildPhase;
			buildActionMask = 2147483647;
			files = (
				7E21DBA92416F2D000D40CB2 /* LaunchScreen.storyboard in Resources */,
				7E21DBA62416F2D000D40CB2 /* Assets.xcassets in Resources */,
				7E21DBA42416F2CC00D40CB2 /* Main.storyboard in Resources */,
			);
			runOnlyForDeploymentPostprocessing = 0;
		};
/* End PBXResourcesBuildPhase section */

/* Begin PBXSourcesBuildPhase section */
		7E21DB932416F2CC00D40CB2 /* Sources */ = {
			isa = PBXSourcesBuildPhase;
			buildActionMask = 2147483647;
			files = (
				7ED27C68241FC5D500965B1B /* Photo.swift in Sources */,
				7E21DBBB2417383D00D40CB2 /* DetailViewController.swift in Sources */,
				7EC427202418A6C20051F9EC /* InstructionsViewController.swift in Sources */,
				7E21DBB92417376700D40CB2 /* TechniqueListTableViewController.swift in Sources */,
				7ED27C64241DE5DF00965B1B /* RecipeTableViewCell.swift in Sources */,
				7EC427262418B4940051F9EC /* RecipeListTableViewController.swift in Sources */,
				7EC427282419CF240051F9EC /* Recipes.swift in Sources */,
				7EA29CF3241D9ABB00A0B21F /* GalleryCollectionViewController.swift in Sources */,
				7E21DB9B2416F2CC00D40CB2 /* AppDelegate.swift in Sources */,
				7EC427222418A71B0051F9EC /* AddPicsViewController.swift in Sources */,
				7ED27C6A241FDAFF00965B1B /* PhotoCollectionViewCell.swift in Sources */,
				7E21DB9D2416F2CC00D40CB2 /* SceneDelegate.swift in Sources */,
				7E21DBB72417358000D40CB2 /* Techniques.swift in Sources */,
				7ED27C66241F6BBC00965B1B /* PhotoViewController.swift in Sources */,
			);
			runOnlyForDeploymentPostprocessing = 0;
		};
/* End PBXSourcesBuildPhase section */

/* Begin PBXVariantGroup section */
		7E21DBA22416F2CC00D40CB2 /* Main.storyboard */ = {
			isa = PBXVariantGroup;
			children = (
				7E21DBA32416F2CC00D40CB2 /* Base */,
			);
			name = Main.storyboard;
			sourceTree = "<group>";
		};
		7E21DBA72416F2D000D40CB2 /* LaunchScreen.storyboard */ = {
			isa = PBXVariantGroup;
			children = (
				7E21DBA82416F2D000D40CB2 /* Base */,
			);
			name = LaunchScreen.storyboard;
			sourceTree = "<group>";
		};
/* End PBXVariantGroup section */

/* Begin XCBuildConfiguration section */
		7E21DBAB2416F2D000D40CB2 /* Debug */ = {
			isa = XCBuildConfiguration;
			buildSettings = {
				ALWAYS_SEARCH_USER_PATHS = NO;
				CLANG_ANALYZER_NONNULL = YES;
				CLANG_ANALYZER_NUMBER_OBJECT_CONVERSION = YES_AGGRESSIVE;
				CLANG_CXX_LANGUAGE_STANDARD = "gnu++14";
				CLANG_CXX_LIBRARY = "libc++";
				CLANG_ENABLE_MODULES = YES;
				CLANG_ENABLE_OBJC_ARC = YES;
				CLANG_ENABLE_OBJC_WEAK = YES;
				CLANG_WARN_BLOCK_CAPTURE_AUTORELEASING = YES;
				CLANG_WARN_BOOL_CONVERSION = YES;
				CLANG_WARN_COMMA = YES;
				CLANG_WARN_CONSTANT_CONVERSION = YES;
				CLANG_WARN_DEPRECATED_OBJC_IMPLEMENTATIONS = YES;
				CLANG_WARN_DIRECT_OBJC_ISA_USAGE = YES_ERROR;
				CLANG_WARN_DOCUMENTATION_COMMENTS = YES;
				CLANG_WARN_EMPTY_BODY = YES;
				CLANG_WARN_ENUM_CONVERSION = YES;
				CLANG_WARN_INFINITE_RECURSION = YES;
				CLANG_WARN_INT_CONVERSION = YES;
				CLANG_WARN_NON_LITERAL_NULL_CONVERSION = YES;
				CLANG_WARN_OBJC_IMPLICIT_RETAIN_SELF = YES;
				CLANG_WARN_OBJC_LITERAL_CONVERSION = YES;
				CLANG_WARN_OBJC_ROOT_CLASS = YES_ERROR;
				CLANG_WARN_RANGE_LOOP_ANALYSIS = YES;
				CLANG_WARN_STRICT_PROTOTYPES = YES;
				CLANG_WARN_SUSPICIOUS_MOVE = YES;
				CLANG_WARN_UNGUARDED_AVAILABILITY = YES_AGGRESSIVE;
				CLANG_WARN_UNREACHABLE_CODE = YES;
				CLANG_WARN__DUPLICATE_METHOD_MATCH = YES;
				COPY_PHASE_STRIP = NO;
				DEBUG_INFORMATION_FORMAT = dwarf;
				ENABLE_STRICT_OBJC_MSGSEND = YES;
				ENABLE_TESTABILITY = YES;
				GCC_C_LANGUAGE_STANDARD = gnu11;
				GCC_DYNAMIC_NO_PIC = NO;
				GCC_NO_COMMON_BLOCKS = YES;
				GCC_OPTIMIZATION_LEVEL = 0;
				GCC_PREPROCESSOR_DEFINITIONS = (
					"DEBUG=1",
					"$(inherited)",
				);
				GCC_WARN_64_TO_32_BIT_CONVERSION = YES;
				GCC_WARN_ABOUT_RETURN_TYPE = YES_ERROR;
				GCC_WARN_UNDECLARED_SELECTOR = YES;
				GCC_WARN_UNINITIALIZED_AUTOS = YES_AGGRESSIVE;
				GCC_WARN_UNUSED_FUNCTION = YES;
				GCC_WARN_UNUSED_VARIABLE = YES;
				IPHONEOS_DEPLOYMENT_TARGET = 13.2;
				MTL_ENABLE_DEBUG_INFO = INCLUDE_SOURCE;
				MTL_FAST_MATH = YES;
				ONLY_ACTIVE_ARCH = YES;
				SDKROOT = iphoneos;
				SWIFT_ACTIVE_COMPILATION_CONDITIONS = DEBUG;
				SWIFT_OPTIMIZATION_LEVEL = "-Onone";
			};
			name = Debug;
		};
		7E21DBAC2416F2D000D40CB2 /* Release */ = {
			isa = XCBuildConfiguration;
			buildSettings = {
				ALWAYS_SEARCH_USER_PATHS = NO;
				CLANG_ANALYZER_NONNULL = YES;
				CLANG_ANALYZER_NUMBER_OBJECT_CONVERSION = YES_AGGRESSIVE;
				CLANG_CXX_LANGUAGE_STANDARD = "gnu++14";
				CLANG_CXX_LIBRARY = "libc++";
				CLANG_ENABLE_MODULES = YES;
				CLANG_ENABLE_OBJC_ARC = YES;
				CLANG_ENABLE_OBJC_WEAK = YES;
				CLANG_WARN_BLOCK_CAPTURE_AUTORELEASING = YES;
				CLANG_WARN_BOOL_CONVERSION = YES;
				CLANG_WARN_COMMA = YES;
				CLANG_WARN_CONSTANT_CONVERSION = YES;
				CLANG_WARN_DEPRECATED_OBJC_IMPLEMENTATIONS = YES;
				CLANG_WARN_DIRECT_OBJC_ISA_USAGE = YES_ERROR;
				CLANG_WARN_DOCUMENTATION_COMMENTS = YES;
				CLANG_WARN_EMPTY_BODY = YES;
				CLANG_WARN_ENUM_CONVERSION = YES;
				CLANG_WARN_INFINITE_RECURSION = YES;
				CLANG_WARN_INT_CONVERSION = YES;
				CLANG_WARN_NON_LITERAL_NULL_CONVERSION = YES;
				CLANG_WARN_OBJC_IMPLICIT_RETAIN_SELF = YES;
				CLANG_WARN_OBJC_LITERAL_CONVERSION = YES;
				CLANG_WARN_OBJC_ROOT_CLASS = YES_ERROR;
				CLANG_WARN_RANGE_LOOP_ANALYSIS = YES;
				CLANG_WARN_STRICT_PROTOTYPES = YES;
				CLANG_WARN_SUSPICIOUS_MOVE = YES;
				CLANG_WARN_UNGUARDED_AVAILABILITY = YES_AGGRESSIVE;
				CLANG_WARN_UNREACHABLE_CODE = YES;
				CLANG_WARN__DUPLICATE_METHOD_MATCH = YES;
				COPY_PHASE_STRIP = NO;
				DEBUG_INFORMATION_FORMAT = "dwarf-with-dsym";
				ENABLE_NS_ASSERTIONS = NO;
				ENABLE_STRICT_OBJC_MSGSEND = YES;
				GCC_C_LANGUAGE_STANDARD = gnu11;
				GCC_NO_COMMON_BLOCKS = YES;
				GCC_WARN_64_TO_32_BIT_CONVERSION = YES;
				GCC_WARN_ABOUT_RETURN_TYPE = YES_ERROR;
				GCC_WARN_UNDECLARED_SELECTOR = YES;
				GCC_WARN_UNINITIALIZED_AUTOS = YES_AGGRESSIVE;
				GCC_WARN_UNUSED_FUNCTION = YES;
				GCC_WARN_UNUSED_VARIABLE = YES;
				IPHONEOS_DEPLOYMENT_TARGET = 13.2;
				MTL_ENABLE_DEBUG_INFO = NO;
				MTL_FAST_MATH = YES;
				SDKROOT = iphoneos;
				SWIFT_COMPILATION_MODE = wholemodule;
				SWIFT_OPTIMIZATION_LEVEL = "-O";
				VALIDATE_PRODUCT = YES;
			};
			name = Release;
		};
		7E21DBAE2416F2D000D40CB2 /* Debug */ = {
			isa = XCBuildConfiguration;
			buildSettings = {
				ASSETCATALOG_COMPILER_APPICON_NAME = AppIcon;
				CODE_SIGN_STYLE = Automatic;
				DEVELOPMENT_TEAM = HG9Z83NKB6;
				INFOPLIST_FILE = "ChuangK Final Project- Cook Starter/Info.plist";
				LD_RUNPATH_SEARCH_PATHS = (
					"$(inherited)",
					"@executable_path/Frameworks",
				);
				PRODUCT_BUNDLE_IDENTIFIER = "Kelly-Chuang.ChuangK-Final-Project--Cook-Starter";
				PRODUCT_NAME = "$(TARGET_NAME)";
				SWIFT_VERSION = 5.0;
				TARGETED_DEVICE_FAMILY = 1;
			};
			name = Debug;
		};
		7E21DBAF2416F2D000D40CB2 /* Release */ = {
			isa = XCBuildConfiguration;
			buildSettings = {
				ASSETCATALOG_COMPILER_APPICON_NAME = AppIcon;
				CODE_SIGN_STYLE = Automatic;
				DEVELOPMENT_TEAM = HG9Z83NKB6;
				INFOPLIST_FILE = "ChuangK Final Project- Cook Starter/Info.plist";
				LD_RUNPATH_SEARCH_PATHS = (
					"$(inherited)",
					"@executable_path/Frameworks",
				);
				PRODUCT_BUNDLE_IDENTIFIER = "Kelly-Chuang.ChuangK-Final-Project--Cook-Starter";
				PRODUCT_NAME = "$(TARGET_NAME)";
				SWIFT_VERSION = 5.0;
				TARGETED_DEVICE_FAMILY = 1;
			};
			name = Release;
		};
/* End XCBuildConfiguration section */

/* Begin XCConfigurationList section */
		7E21DB922416F2CC00D40CB2 /* Build configuration list for PBXProject "ChuangK Final Project- Cook Starter" */ = {
			isa = XCConfigurationList;
			buildConfigurations = (
				7E21DBAB2416F2D000D40CB2 /* Debug */,
				7E21DBAC2416F2D000D40CB2 /* Release */,
			);
			defaultConfigurationIsVisible = 0;
			defaultConfigurationName = Release;
		};
		7E21DBAD2416F2D000D40CB2 /* Build configuration list for PBXNativeTarget "ChuangK Final Project- Cook Starter" */ = {
			isa = XCConfigurationList;
			buildConfigurations = (
				7E21DBAE2416F2D000D40CB2 /* Debug */,
				7E21DBAF2416F2D000D40CB2 /* Release */,
			);
			defaultConfigurationIsVisible = 0;
			defaultConfigurationName = Release;
		};
/* End XCConfigurationList section */
	};
	rootObject = 7E21DB8F2416F2CC00D40CB2 /* Project object */;
}
